// !$*UTF8*$!
{
	archiveVersion = 1;
	classes = {
	};
	objectVersion = 50;
	objects = {

/* Begin PBXBuildFile section */
		9E29141F242E4E4E0054E9D2 /* AppDelegate.swift in Sources */ = {isa = PBXBuildFile; fileRef = 9E29141E242E4E4E0054E9D2 /* AppDelegate.swift */; };
		9E291421242E4E4E0054E9D2 /* SceneDelegate.swift in Sources */ = {isa = PBXBuildFile; fileRef = 9E291420242E4E4E0054E9D2 /* SceneDelegate.swift */; };
		9E291426242E4E4E0054E9D2 /* Main.storyboard in Resources */ = {isa = PBXBuildFile; fileRef = 9E291424242E4E4E0054E9D2 /* Main.storyboard */; };
		9E291428242E4E4F0054E9D2 /* Assets.xcassets in Resources */ = {isa = PBXBuildFile; fileRef = 9E291427242E4E4F0054E9D2 /* Assets.xcassets */; };
		9E29142B242E4E4F0054E9D2 /* LaunchScreen.storyboard in Resources */ = {isa = PBXBuildFile; fileRef = 9E291429242E4E4F0054E9D2 /* LaunchScreen.storyboard */; };
		9E29143B242E51120054E9D2 /* GTTMovie.m in Sources */ = {isa = PBXBuildFile; fileRef = 9E29143A242E51120054E9D2 /* GTTMovie.m */; };
		9EB05992242E577400657791 /* GTTMovieController.m in Sources */ = {isa = PBXBuildFile; fileRef = 9EB05991242E577400657791 /* GTTMovieController.m */; };
/* End PBXBuildFile section */

/* Begin PBXFileReference section */
		9E29141B242E4E4E0054E9D2 /* MovieSearchObjC.app */ = {isa = PBXFileReference; explicitFileType = wrapper.application; includeInIndex = 0; path = MovieSearchObjC.app; sourceTree = BUILT_PRODUCTS_DIR; };
		9E29141E242E4E4E0054E9D2 /* AppDelegate.swift */ = {isa = PBXFileReference; lastKnownFileType = sourcecode.swift; path = AppDelegate.swift; sourceTree = "<group>"; };
		9E291420242E4E4E0054E9D2 /* SceneDelegate.swift */ = {isa = PBXFileReference; lastKnownFileType = sourcecode.swift; path = SceneDelegate.swift; sourceTree = "<group>"; };
		9E291425242E4E4E0054E9D2 /* Base */ = {isa = PBXFileReference; lastKnownFileType = file.storyboard; name = Base; path = Base.lproj/Main.storyboard; sourceTree = "<group>"; };
		9E291427242E4E4F0054E9D2 /* Assets.xcassets */ = {isa = PBXFileReference; lastKnownFileType = folder.assetcatalog; path = Assets.xcassets; sourceTree = "<group>"; };
		9E29142A242E4E4F0054E9D2 /* Base */ = {isa = PBXFileReference; lastKnownFileType = file.storyboard; name = Base; path = Base.lproj/LaunchScreen.storyboard; sourceTree = "<group>"; };
		9E29142C242E4E4F0054E9D2 /* Info.plist */ = {isa = PBXFileReference; lastKnownFileType = text.plist.xml; path = Info.plist; sourceTree = "<group>"; };
		9E291438242E51110054E9D2 /* MovieSearchObjC-Bridging-Header.h */ = {isa = PBXFileReference; lastKnownFileType = sourcecode.c.h; path = "MovieSearchObjC-Bridging-Header.h"; sourceTree = "<group>"; };
		9E291439242E51120054E9D2 /* GTTMovie.h */ = {isa = PBXFileReference; lastKnownFileType = sourcecode.c.h; path = GTTMovie.h; sourceTree = "<group>"; };
		9E29143A242E51120054E9D2 /* GTTMovie.m */ = {isa = PBXFileReference; lastKnownFileType = sourcecode.c.objc; path = GTTMovie.m; sourceTree = "<group>"; };
		9EB05990242E577400657791 /* GTTMovieController.h */ = {isa = PBXFileReference; lastKnownFileType = sourcecode.c.h; path = GTTMovieController.h; sourceTree = "<group>"; };
		9EB05991242E577400657791 /* GTTMovieController.m */ = {isa = PBXFileReference; lastKnownFileType = sourcecode.c.objc; path = GTTMovieController.m; sourceTree = "<group>"; };
/* End PBXFileReference section */

/* Begin PBXFrameworksBuildPhase section */
		9E291418242E4E4E0054E9D2 /* Frameworks */ = {
			isa = PBXFrameworksBuildPhase;
			buildActionMask = 2147483647;
			files = (
			);
			runOnlyForDeploymentPostprocessing = 0;
		};
/* End PBXFrameworksBuildPhase section */

/* Begin PBXGroup section */
		9E291412242E4E4E0054E9D2 = {
			isa = PBXGroup;
			children = (
				9E29141D242E4E4E0054E9D2 /* MovieSearchObjC */,
				9E29141C242E4E4E0054E9D2 /* Products */,
			);
			sourceTree = "<group>";
		};
		9E29141C242E4E4E0054E9D2 /* Products */ = {
			isa = PBXGroup;
			children = (
				9E29141B242E4E4E0054E9D2 /* MovieSearchObjC.app */,
			);
			name = Products;
			sourceTree = "<group>";
		};
		9E29141D242E4E4E0054E9D2 /* MovieSearchObjC */ = {
			isa = PBXGroup;
			children = (
				9E291437242E4E9A0054E9D2 /* Models */,
				9E291434242E4E830054E9D2 /* Controllers */,
				9E291433242E4E6A0054E9D2 /* View */,
				9E291432242E4E5E0054E9D2 /* Resources */,
			);
			path = MovieSearchObjC;
			sourceTree = "<group>";
		};
		9E291432242E4E5E0054E9D2 /* Resources */ = {
			isa = PBXGroup;
			children = (
				9E29141E242E4E4E0054E9D2 /* AppDelegate.swift */,
				9E291420242E4E4E0054E9D2 /* SceneDelegate.swift */,
				9E291427242E4E4F0054E9D2 /* Assets.xcassets */,
				9E291429242E4E4F0054E9D2 /* LaunchScreen.storyboard */,
				9E29142C242E4E4F0054E9D2 /* Info.plist */,
				9E291438242E51110054E9D2 /* MovieSearchObjC-Bridging-Header.h */,
			);
			path = Resources;
			sourceTree = "<group>";
		};
		9E291433242E4E6A0054E9D2 /* View */ = {
			isa = PBXGroup;
			children = (
				9E291424242E4E4E0054E9D2 /* Main.storyboard */,
			);
			path = View;
			sourceTree = "<group>";
		};
		9E291434242E4E830054E9D2 /* Controllers */ = {
			isa = PBXGroup;
			children = (
				9E291436242E4E900054E9D2 /* ModelControllers */,
				9E291435242E4E8A0054E9D2 /* ViewControllers */,
			);
			path = Controllers;
			sourceTree = "<group>";
		};
		9E291435242E4E8A0054E9D2 /* ViewControllers */ = {
			isa = PBXGroup;
			children = (
			);
			path = ViewControllers;
			sourceTree = "<group>";
		};
		9E291436242E4E900054E9D2 /* ModelControllers */ = {
			isa = PBXGroup;
			children = (
				9EB05990242E577400657791 /* GTTMovieController.h */,
				9EB05991242E577400657791 /* GTTMovieController.m */,
			);
			path = ModelControllers;
			sourceTree = "<group>";
		};
		9E291437242E4E9A0054E9D2 /* Models */ = {
			isa = PBXGroup;
			children = (
				9E291439242E51120054E9D2 /* GTTMovie.h */,
				9E29143A242E51120054E9D2 /* GTTMovie.m */,
			);
			path = Models;
			sourceTree = "<group>";
		};
/* End PBXGroup section */

/* Begin PBXNativeTarget section */
		9E29141A242E4E4E0054E9D2 /* MovieSearchObjC */ = {
			isa = PBXNativeTarget;
			buildConfigurationList = 9E29142F242E4E4F0054E9D2 /* Build configuration list for PBXNativeTarget "MovieSearchObjC" */;
			buildPhases = (
				9E291417242E4E4E0054E9D2 /* Sources */,
				9E291418242E4E4E0054E9D2 /* Frameworks */,
				9E291419242E4E4E0054E9D2 /* Resources */,
			);
			buildRules = (
			);
			dependencies = (
			);
			name = MovieSearchObjC;
			productName = MovieSearchObjC;
			productReference = 9E29141B242E4E4E0054E9D2 /* MovieSearchObjC.app */;
			productType = "com.apple.product-type.application";
		};
/* End PBXNativeTarget section */

/* Begin PBXProject section */
		9E291413242E4E4E0054E9D2 /* Project object */ = {
			isa = PBXProject;
			attributes = {
				CLASSPREFIX = GTT;
				LastSwiftUpdateCheck = 1140;
				LastUpgradeCheck = 1140;
				ORGANIZATIONNAME = Gottfredson;
				TargetAttributes = {
					9E29141A242E4E4E0054E9D2 = {
						CreatedOnToolsVersion = 11.4;
						LastSwiftMigration = 1140;
					};
				};
			};
			buildConfigurationList = 9E291416242E4E4E0054E9D2 /* Build configuration list for PBXProject "MovieSearchObjC" */;
			compatibilityVersion = "Xcode 9.3";
			developmentRegion = en;
			hasScannedForEncodings = 0;
			knownRegions = (
				en,
				Base,
			);
			mainGroup = 9E291412242E4E4E0054E9D2;
			productRefGroup = 9E29141C242E4E4E0054E9D2 /* Products */;
			projectDirPath = "";
			projectRoot = "";
			targets = (
				9E29141A242E4E4E0054E9D2 /* MovieSearchObjC */,
			);
		};
/* End PBXProject section */

/* Begin PBXResourcesBuildPhase section */
		9E291419242E4E4E0054E9D2 /* Resources */ = {
			isa = PBXResourcesBuildPhase;
			buildActionMask = 2147483647;
			files = (
				9E29142B242E4E4F0054E9D2 /* LaunchScreen.storyboard in Resources */,
				9E291428242E4E4F0054E9D2 /* Assets.xcassets in Resources */,
				9E291426242E4E4E0054E9D2 /* Main.storyboard in Resources */,
			);
			runOnlyForDeploymentPostprocessing = 0;
		};
/* End PBXResourcesBuildPhase section */

/* Begin PBXSourcesBuildPhase section */
		9E291417242E4E4E0054E9D2 /* Sources */ = {
			isa = PBXSourcesBuildPhase;
			buildActionMask = 2147483647;
			files = (
				9E29141F242E4E4E0054E9D2 /* AppDelegate.swift in Sources */,
				9E291421242E4E4E0054E9D2 /* SceneDelegate.swift in Sources */,
				9EB05992242E577400657791 /* GTTMovieController.m in Sources */,
				9E29143B242E51120054E9D2 /* GTTMovie.m in Sources */,
			);
			runOnlyForDeploymentPostprocessing = 0;
		};
/* End PBXSourcesBuildPhase section */

/* Begin PBXVariantGroup section */
		9E291424242E4E4E0054E9D2 /* Main.storyboard */ = {
			isa = PBXVariantGroup;
			children = (
				9E291425242E4E4E0054E9D2 /* Base */,
			);
			name = Main.storyboard;
			sourceTree = "<group>";
		};
		9E291429242E4E4F0054E9D2 /* LaunchScreen.storyboard */ = {
			isa = PBXVariantGroup;
			children = (
				9E29142A242E4E4F0054E9D2 /* Base */,
			);
			name = LaunchScreen.storyboard;
			sourceTree = "<group>";
		};
/* End PBXVariantGroup section */

/* Begin XCBuildConfiguration section */
		9E29142D242E4E4F0054E9D2 /* Debug */ = {
			isa = XCBuildConfiguration;
			buildSettings = {
				ALWAYS_SEARCH_USER_PATHS = NO;
				CLANG_ANALYZER_NONNULL = YES;
				CLANG_ANALYZER_NUMBER_OBJECT_CONVERSION = YES_AGGRESSIVE;
				CLANG_CXX_LANGUAGE_STANDARD = "gnu++14";
				CLANG_CXX_LIBRARY = "libc++";
				CLANG_ENABLE_MODULES = YES;
				CLANG_ENABLE_OBJC_ARC = YES;
				CLANG_ENABLE_OBJC_WEAK = YES;
				CLANG_WARN_BLOCK_CAPTURE_AUTORELEASING = YES;
				CLANG_WARN_BOOL_CONVERSION = YES;
				CLANG_WARN_COMMA = YES;
				CLANG_WARN_CONSTANT_CONVERSION = YES;
				CLANG_WARN_DEPRECATED_OBJC_IMPLEMENTATIONS = YES;
				CLANG_WARN_DIRECT_OBJC_ISA_USAGE = YES_ERROR;
				CLANG_WARN_DOCUMENTATION_COMMENTS = YES;
				CLANG_WARN_EMPTY_BODY = YES;
				CLANG_WARN_ENUM_CONVERSION = YES;
				CLANG_WARN_INFINITE_RECURSION = YES;
				CLANG_WARN_INT_CONVERSION = YES;
				CLANG_WARN_NON_LITERAL_NULL_CONVERSION = YES;
				CLANG_WARN_OBJC_IMPLICIT_RETAIN_SELF = YES;
				CLANG_WARN_OBJC_LITERAL_CONVERSION = YES;
				CLANG_WARN_OBJC_ROOT_CLASS = YES_ERROR;
				CLANG_WARN_RANGE_LOOP_ANALYSIS = YES;
				CLANG_WARN_STRICT_PROTOTYPES = YES;
				CLANG_WARN_SUSPICIOUS_MOVE = YES;
				CLANG_WARN_UNGUARDED_AVAILABILITY = YES_AGGRESSIVE;
				CLANG_WARN_UNREACHABLE_CODE = YES;
				CLANG_WARN__DUPLICATE_METHOD_MATCH = YES;
				COPY_PHASE_STRIP = NO;
				DEBUG_INFORMATION_FORMAT = dwarf;
				ENABLE_STRICT_OBJC_MSGSEND = YES;
				ENABLE_TESTABILITY = YES;
				GCC_C_LANGUAGE_STANDARD = gnu11;
				GCC_DYNAMIC_NO_PIC = NO;
				GCC_NO_COMMON_BLOCKS = YES;
				GCC_OPTIMIZATION_LEVEL = 0;
				GCC_PREPROCESSOR_DEFINITIONS = (
					"DEBUG=1",
					"$(inherited)",
				);
				GCC_WARN_64_TO_32_BIT_CONVERSION = YES;
				GCC_WARN_ABOUT_RETURN_TYPE = YES_ERROR;
				GCC_WARN_UNDECLARED_SELECTOR = YES;
				GCC_WARN_UNINITIALIZED_AUTOS = YES_AGGRESSIVE;
				GCC_WARN_UNUSED_FUNCTION = YES;
				GCC_WARN_UNUSED_VARIABLE = YES;
				IPHONEOS_DEPLOYMENT_TARGET = 13.4;
				MTL_ENABLE_DEBUG_INFO = INCLUDE_SOURCE;
				MTL_FAST_MATH = YES;
				ONLY_ACTIVE_ARCH = YES;
				SDKROOT = iphoneos;
				SWIFT_ACTIVE_COMPILATION_CONDITIONS = DEBUG;
				SWIFT_OPTIMIZATION_LEVEL = "-Onone";
			};
			name = Debug;
		};
		9E29142E242E4E4F0054E9D2 /* Release */ = {
			isa = XCBuildConfiguration;
			buildSettings = {
				ALWAYS_SEARCH_USER_PATHS = NO;
				CLANG_ANALYZER_NONNULL = YES;
				CLANG_ANALYZER_NUMBER_OBJECT_CONVERSION = YES_AGGRESSIVE;
				CLANG_CXX_LANGUAGE_STANDARD = "gnu++14";
				CLANG_CXX_LIBRARY = "libc++";
				CLANG_ENABLE_MODULES = YES;
				CLANG_ENABLE_OBJC_ARC = YES;
				CLANG_ENABLE_OBJC_WEAK = YES;
				CLANG_WARN_BLOCK_CAPTURE_AUTORELEASING = YES;
				CLANG_WARN_BOOL_CONVERSION = YES;
				CLANG_WARN_COMMA = YES;
				CLANG_WARN_CONSTANT_CONVERSION = YES;
				CLANG_WARN_DEPRECATED_OBJC_IMPLEMENTATIONS = YES;
				CLANG_WARN_DIRECT_OBJC_ISA_USAGE = YES_ERROR;
				CLANG_WARN_DOCUMENTATION_COMMENTS = YES;
				CLANG_WARN_EMPTY_BODY = YES;
				CLANG_WARN_ENUM_CONVERSION = YES;
				CLANG_WARN_INFINITE_RECURSION = YES;
				CLANG_WARN_INT_CONVERSION = YES;
				CLANG_WARN_NON_LITERAL_NULL_CONVERSION = YES;
				CLANG_WARN_OBJC_IMPLICIT_RETAIN_SELF = YES;
				CLANG_WARN_OBJC_LITERAL_CONVERSION = YES;
				CLANG_WARN_OBJC_ROOT_CLASS = YES_ERROR;
				CLANG_WARN_RANGE_LOOP_ANALYSIS = YES;
				CLANG_WARN_STRICT_PROTOTYPES = YES;
				CLANG_WARN_SUSPICIOUS_MOVE = YES;
				CLANG_WARN_UNGUARDED_AVAILABILITY = YES_AGGRESSIVE;
				CLANG_WARN_UNREACHABLE_CODE = YES;
				CLANG_WARN__DUPLICATE_METHOD_MATCH = YES;
				COPY_PHASE_STRIP = NO;
				DEBUG_INFORMATION_FORMAT = "dwarf-with-dsym";
				ENABLE_NS_ASSERTIONS = NO;
				ENABLE_STRICT_OBJC_MSGSEND = YES;
				GCC_C_LANGUAGE_STANDARD = gnu11;
				GCC_NO_COMMON_BLOCKS = YES;
				GCC_WARN_64_TO_32_BIT_CONVERSION = YES;
				GCC_WARN_ABOUT_RETURN_TYPE = YES_ERROR;
				GCC_WARN_UNDECLARED_SELECTOR = YES;
				GCC_WARN_UNINITIALIZED_AUTOS = YES_AGGRESSIVE;
				GCC_WARN_UNUSED_FUNCTION = YES;
				GCC_WARN_UNUSED_VARIABLE = YES;
				IPHONEOS_DEPLOYMENT_TARGET = 13.4;
				MTL_ENABLE_DEBUG_INFO = NO;
				MTL_FAST_MATH = YES;
				SDKROOT = iphoneos;
				SWIFT_COMPILATION_MODE = wholemodule;
				SWIFT_OPTIMIZATION_LEVEL = "-O";
				VALIDATE_PRODUCT = YES;
			};
			name = Release;
		};
		9E291430242E4E4F0054E9D2 /* Debug */ = {
			isa = XCBuildConfiguration;
			buildSettings = {
				ASSETCATALOG_COMPILER_APPICON_NAME = AppIcon;
				CLANG_ENABLE_MODULES = YES;
				CODE_SIGN_STYLE = Automatic;
				DEVELOPMENT_TEAM = FL3UYWHSVP;
				INFOPLIST_FILE = MovieSearchObjC/Resources/Info.plist;
				LD_RUNPATH_SEARCH_PATHS = (
					"$(inherited)",
					"@executable_path/Frameworks",
				);
				PRODUCT_BUNDLE_IDENTIFIER = com.Gottfredson.MovieSearchObjC;
				PRODUCT_NAME = "$(TARGET_NAME)";
				SWIFT_OBJC_BRIDGING_HEADER = "MovieSearchObjC/Resources/MovieSearchObjC-Bridging-Header.h";
				SWIFT_OPTIMIZATION_LEVEL = "-Onone";
				SWIFT_VERSION = 5.0;
				TARGETED_DEVICE_FAMILY = "1,2";
			};
			name = Debug;
		};
		9E291431242E4E4F0054E9D2 /* Release */ = {
			isa = XCBuildConfiguration;
			buildSettings = {
				ASSETCATALOG_COMPILER_APPICON_NAME = AppIcon;
				CLANG_ENABLE_MODULES = YES;
				CODE_SIGN_STYLE = Automatic;
				DEVELOPMENT_TEAM = FL3UYWHSVP;
				INFOPLIST_FILE = MovieSearchObjC/Resources/Info.plist;
				LD_RUNPATH_SEARCH_PATHS = (
					"$(inherited)",
					"@executable_path/Frameworks",
				);
				PRODUCT_BUNDLE_IDENTIFIER = com.Gottfredson.MovieSearchObjC;
				PRODUCT_NAME = "$(TARGET_NAME)";
				SWIFT_OBJC_BRIDGING_HEADER = "MovieSearchObjC/Resources/MovieSearchObjC-Bridging-Header.h";
				SWIFT_VERSION = 5.0;
				TARGETED_DEVICE_FAMILY = "1,2";
			};
			name = Release;
		};
/* End XCBuildConfiguration section */

/* Begin XCConfigurationList section */
		9E291416242E4E4E0054E9D2 /* Build configuration list for PBXProject "MovieSearchObjC" */ = {
			isa = XCConfigurationList;
			buildConfigurations = (
				9E29142D242E4E4F0054E9D2 /* Debug */,
				9E29142E242E4E4F0054E9D2 /* Release */,
			);
			defaultConfigurationIsVisible = 0;
			defaultConfigurationName = Release;
		};
		9E29142F242E4E4F0054E9D2 /* Build configuration list for PBXNativeTarget "MovieSearchObjC" */ = {
			isa = XCConfigurationList;
			buildConfigurations = (
				9E291430242E4E4F0054E9D2 /* Debug */,
				9E291431242E4E4F0054E9D2 /* Release */,
			);
			defaultConfigurationIsVisible = 0;
			defaultConfigurationName = Release;
		};
/* End XCConfigurationList section */
	};
	rootObject = 9E291413242E4E4E0054E9D2 /* Project object */;
}
